
Microsoft Visual Studio Solution File, Format Version 12.00
Project("{FAE04EC0-301F-11D3-BF4B-00C04F79EFBC}") = "Dropship", "Dropship\Dropship.csproj", "{A5214318-48DA-4AF4-AD60-8A965DEA59A2}"
EndProject
Global
	GlobalSection(SolutionConfigurationPlatforms) = preSolution
		Debug|Any CPU = Debug|Any CPU
		Release|Any CPU = Release|Any CPU
	EndGlobalSection
	GlobalSection(ProjectConfigurationPlatforms) = postSolution
		{A5214318-48DA-4AF4-AD60-8A965DEA59A2}.Debug|Any CPU.ActiveCfg = Debug|Any CPU
		{A5214318-48DA-4AF4-AD60-8A965DEA59A2}.Debug|Any CPU.Build.0 = Debug|Any CPU
		{A5214318-48DA-4AF4-AD60-8A965DEA59A2}.Release|Any CPU.ActiveCfg = Release|Any CPU
		{A5214318-48DA-4AF4-AD60-8A965DEA59A2}.Release|Any CPU.Build.0 = Release|Any CPU
	EndGlobalSection
EndGlobal
